
Microsoft Visual Studio Solution File, Format Version 12.00
# Visual Studio Version 16
VisualStudioVersion = 16.0.29020.237
MinimumVisualStudioVersion = 10.0.40219.1
Project("{FAE04EC0-301F-11D3-BF4B-00C04F79EFBC}") = "Encryption_Task8", "Encryption_Task8.csproj", "{B14C8A60-97C7-493A-ADA2-2ECED6C0D9BA}"
EndProject
Global
	GlobalSection(SolutionConfigurationPlatforms) = preSolution
		Debug|Any CPU = Debug|Any CPU
		Release|Any CPU = Release|Any CPU
	EndGlobalSection
	GlobalSection(ProjectConfigurationPlatforms) = postSolution
		{B14C8A60-97C7-493A-ADA2-2ECED6C0D9BA}.Debug|Any CPU.ActiveCfg = Debug|Any CPU
		{B14C8A60-97C7-493A-ADA2-2ECED6C0D9BA}.Debug|Any CPU.Build.0 = Debug|Any CPU
		{B14C8A60-97C7-493A-ADA2-2ECED6C0D9BA}.Release|Any CPU.ActiveCfg = Release|Any CPU
		{B14C8A60-97C7-493A-ADA2-2ECED6C0D9BA}.Release|Any CPU.Build.0 = Release|Any CPU
	EndGlobalSection
	GlobalSection(SolutionProperties) = preSolution
		HideSolutionNode = FALSE
	EndGlobalSection
	GlobalSection(ExtensibilityGlobals) = postSolution
		SolutionGuid = {F8E98F68-2997-4FFD-9D5D-28960DD56A33}
	EndGlobalSection
EndGlobal
